
Microsoft Visual Studio Solution File, Format Version 12.00
# Visual Studio Version 17
VisualStudioVersion = 17.9.34607.119
MinimumVisualStudioVersion = 10.0.40219.1
Project("{FAE04EC0-301F-11D3-BF4B-00C04F79EFBC}") = "BOOKSTORE", "BOOKSTORE\BOOKSTORE.csproj", "{C1D44CFB-470F-4BF3-AD03-72D03E215E70}"
EndProject
Global
	GlobalSection(SolutionConfigurationPlatforms) = preSolution
		Debug|Any CPU = Debug|Any CPU
		Release|Any CPU = Release|Any CPU
	EndGlobalSection
	GlobalSection(ProjectConfigurationPlatforms) = postSolution
		{C1D44CFB-470F-4BF3-AD03-72D03E215E70}.Debug|Any CPU.ActiveCfg = Debug|Any CPU
		{C1D44CFB-470F-4BF3-AD03-72D03E215E70}.Debug|Any CPU.Build.0 = Debug|Any CPU
		{C1D44CFB-470F-4BF3-AD03-72D03E215E70}.Release|Any CPU.ActiveCfg = Release|Any CPU
		{C1D44CFB-470F-4BF3-AD03-72D03E215E70}.Release|Any CPU.Build.0 = Release|Any CPU
	EndGlobalSection
	GlobalSection(SolutionProperties) = preSolution
		HideSolutionNode = FALSE
	EndGlobalSection
	GlobalSection(ExtensibilityGlobals) = postSolution
		SolutionGuid = {95439608-FD0D-47A1-969C-0DAA4331E122}
	EndGlobalSection
EndGlobal
